<?xml version="1.0" encoding="utf-8"?>
<Project ToolsVersion="4.0" xmlns="http://schemas.microsoft.com/developer/msbuild/2003">
  <ItemGroup>
    <Filter Include="Source Files">
      <UniqueIdentifier>{4FC737F1-C7A5-4376-A066-2A32D752A2FF}</UniqueIdentifier>
      <Extensions>cpp;c;cc;cxx;c++;cppm;ixx;def;odl;idl;hpj;bat;asm;asmx</Extensions>
    </Filter>
    <Filter Include="Header Files">
      <UniqueIdentifier>{93995380-89BD-4b04-88EB-625FBE52EBFB}</UniqueIdentifier>
      <Extensions>h;hh;hpp;hxx;h++;hm;inl;inc;ipp;xsd</Extensions>
    </Filter>
    <Filter Include="Resource Files">
      <UniqueIdentifier>{67DA6AB6-F800-4c08-8B7A-83BB121AAD01}</UniqueIdentifier>
      <Extensions>rc;ico;cur;bmp;dlg;rc2;rct;bin;rgs;gif;jpg;jpeg;jpe;resx;tiff;tif;png;wav;mfcribbon-ms</Extensions>
    </Filter>
  </ItemGroup>
  <ItemGroup>
    <ClCompile Include="src\main.cpp">
      <Filter>Source Files</Filter>
    </ClCompile>
    <ClCompile Include="libs\InstructionBuffer\InstructionBuffer.cpp">
      <Filter>Source Files</Filter>
    </ClCompile>
    <ClCompile Include="libs\Parser\Parser.cpp">
      <Filter>Source Files</Filter>
    </ClCompile>
    <ClCompile Include="libs\ReadWrite\ReadWrite.cpp">
      <Filter>Source Files</Filter>
    </ClCompile>
    <ClCompile Include="libs\StringBuffer\StringBuffer.cpp">
      <Filter>Source Files</Filter>
    </ClCompile>
    <ClCompile Include="libs\SymbolTable\SymbolTable.cpp">
      <Filter>Source Files</Filter>
    </ClCompile>
    <ClCompile Include="libs\ToDoBuffer\ToDoBuffer.cpp">
      <Filter>Source Files</Filter>
    </ClCompile>
    <ClCompile Include="libs\Stmt\Add.cpp">
      <Filter>Source Files</Filter>
    </ClCompile>
    <ClCompile Include="libs\Stmt\Declarr.cpp">
      <Filter>Source Files</Filter>
    </ClCompile>
    <ClCompile Include="libs\Stmt\Declscal.cpp">
      <Filter>Source Files</Filter>
    </ClCompile>
    <ClCompile Include="libs\Stmt\Div.cpp">
      <Filter>Source Files</Filter>
    </ClCompile>
    <ClCompile Include="libs\Stmt\Dup.cpp">
      <Filter>Source Files</Filter>
    </ClCompile>
    <ClCompile Include="libs\Stmt\End.cpp">
      <Filter>Source Files</Filter>
    </ClCompile>
    <ClCompile Include="libs\Stmt\Exit.cpp">
      <Filter>Source Files</Filter>
    </ClCompile>
    <ClCompile Include="libs\Stmt\GoSub.cpp">
      <Filter>Source Files</Filter>
    </ClCompile>
    <ClCompile Include="libs\Stmt\GoSubLabel.cpp">
      <Filter>Source Files</Filter>
    </ClCompile>
    <ClCompile Include="libs\Stmt\Jump.cpp">
      <Filter>Source Files</Filter>
    </ClCompile>
    <ClCompile Include="libs\Stmt\JumpZero.cpp">
      <Filter>Source Files</Filter>
    </ClCompile>
    <ClCompile Include="libs\Stmt\Label.cpp">
      <Filter>Source Files</Filter>
    </ClCompile>
    <ClCompile Include="libs\Stmt\Mul.cpp">
      <Filter>Source Files</Filter>
    </ClCompile>
    <ClCompile Include="libs\Stmt\Negate.cpp">
      <Filter>Source Files</Filter>
    </ClCompile>
    <ClCompile Include="libs\Stmt\Pop.cpp">
      <Filter>Source Files</Filter>
    </ClCompile>
    <ClCompile Include="libs\Stmt\Poparr.cpp">
      <Filter>Source Files</Filter>
    </ClCompile>
    <ClCompile Include="libs\Stmt\Popscal.cpp">
      <Filter>Source Files</Filter>
    </ClCompile>
    <ClCompile Include="libs\Stmt\Prints.cpp">
      <Filter>Source Files</Filter>
    </ClCompile>
    <ClCompile Include="libs\Stmt\Printtos.cpp">
      <Filter>Source Files</Filter>
    </ClCompile>
    <ClCompile Include="libs\Stmt\Pusharr.cpp">
      <Filter>Source Files</Filter>
    </ClCompile>
    <ClCompile Include="libs\Stmt\Pushi.cpp">
      <Filter>Source Files</Filter>
    </ClCompile>
    <ClCompile Include="libs\Stmt\Pushscal.cpp">
      <Filter>Source Files</Filter>
    </ClCompile>
    <ClCompile Include="libs\Stmt\Return.cpp">
      <Filter>Source Files</Filter>
    </ClCompile>
    <ClCompile Include="libs\Stmt\Start.cpp">
      <Filter>Source Files</Filter>
    </ClCompile>
    <ClCompile Include="libs\Stmt\Stmt.cpp">
      <Filter>Source Files</Filter>
    </ClCompile>
    <ClCompile Include="libs\Stmt\Swap.cpp">
      <Filter>Source Files</Filter>
    </ClCompile>
    <ClCompile Include="libs\Stmt\StmtVar.cpp">
      <Filter>Source Files</Filter>
    </ClCompile>
    <ClCompile Include="libs\Stmt\StmtNone.cpp">
      <Filter>Source Files</Filter>
    </ClCompile>
  </ItemGroup>
  <ItemGroup>
    <ClInclude Include="libs\Stmt\Add.h">
      <Filter>Header Files</Filter>
    </ClInclude>
    <ClInclude Include="libs\Stmt\Declarr.h">
      <Filter>Header Files</Filter>
    </ClInclude>
    <ClInclude Include="libs\Stmt\Declscal.h">
      <Filter>Header Files</Filter>
    </ClInclude>
    <ClInclude Include="libs\Stmt\Div.h">
      <Filter>Header Files</Filter>
    </ClInclude>
    <ClInclude Include="libs\Stmt\Dup.h">
      <Filter>Header Files</Filter>
    </ClInclude>
    <ClInclude Include="libs\Stmt\End.h">
      <Filter>Header Files</Filter>
    </ClInclude>
    <ClInclude Include="libs\Stmt\Exit.h">
      <Filter>Header Files</Filter>
    </ClInclude>
    <ClInclude Include="libs\Stmt\GoSub.h">
      <Filter>Header Files</Filter>
    </ClInclude>
    <ClInclude Include="libs\Stmt\GoSubLabel.h">
      <Filter>Header Files</Filter>
    </ClInclude>
    <ClInclude Include="libs\Stmt\Jump.h">
      <Filter>Header Files</Filter>
    </ClInclude>
    <ClInclude Include="libs\Stmt\JumpNZero.h">
      <Filter>Header Files</Filter>
    </ClInclude>
    <ClInclude Include="libs\Stmt\JumpZero.h">
      <Filter>Header Files</Filter>
    </ClInclude>
    <ClInclude Include="libs\Stmt\Label.h">
      <Filter>Header Files</Filter>
    </ClInclude>
    <ClInclude Include="libs\Stmt\Mul.h">
      <Filter>Header Files</Filter>
    </ClInclude>
    <ClInclude Include="libs\Stmt\Negate.h">
      <Filter>Header Files</Filter>
    </ClInclude>
    <ClInclude Include="libs\Stmt\Pop.h">
      <Filter>Header Files</Filter>
    </ClInclude>
    <ClInclude Include="libs\Stmt\Poparr.h">
      <Filter>Header Files</Filter>
    </ClInclude>
    <ClInclude Include="libs\Stmt\Popscal.h">
      <Filter>Header Files</Filter>
    </ClInclude>
    <ClInclude Include="libs\Stmt\Prints.h">
      <Filter>Header Files</Filter>
    </ClInclude>
    <ClInclude Include="libs\Stmt\Printtos.h">
      <Filter>Header Files</Filter>
    </ClInclude>
    <ClInclude Include="libs\Stmt\Pusharr.h">
      <Filter>Header Files</Filter>
    </ClInclude>
    <ClInclude Include="libs\Stmt\Pushi.h">
      <Filter>Header Files</Filter>
    </ClInclude>
    <ClInclude Include="libs\Stmt\Pushscal.h">
      <Filter>Header Files</Filter>
    </ClInclude>
    <ClInclude Include="libs\Stmt\Return.h">
      <Filter>Header Files</Filter>
    </ClInclude>
    <ClInclude Include="libs\Stmt\Start.h">
      <Filter>Header Files</Filter>
    </ClInclude>
    <ClInclude Include="libs\Stmt\Stmt.h">
      <Filter>Header Files</Filter>
    </ClInclude>
    <ClInclude Include="libs\Stmt\Swap.h">
      <Filter>Header Files</Filter>
    </ClInclude>
    <ClInclude Include="libs\InstructionBuffer\InstructionBuffer.h">
      <Filter>Header Files</Filter>
    </ClInclude>
    <ClInclude Include="libs\Parser\Parser.h">
      <Filter>Header Files</Filter>
    </ClInclude>
    <ClInclude Include="libs\ReadWrite\ReadWrite.h">
      <Filter>Header Files</Filter>
    </ClInclude>
    <ClInclude Include="libs\StringBuffer\StringBuffer.h">
      <Filter>Header Files</Filter>
    </ClInclude>
    <ClInclude Include="libs\SymbolTable\SymbolTable.h">
      <Filter>Header Files</Filter>
    </ClInclude>
    <ClInclude Include="libs\ToDoBuffer\ToDoBuffer.h">
      <Filter>Header Files</Filter>
    </ClInclude>
    <ClInclude Include="libs\Stmt\StmtNone.h">
      <Filter>Header Files</Filter>
    </ClInclude>
    <ClInclude Include="libs\Stmt\StmtVar.h">
      <Filter>Header Files</Filter>
    </ClInclude>
  </ItemGroup>
</Project>